{
  "nodes": {
    "nixpkgs": {
      "locked": {
        "lastModified": 1720476960,
        "narHash": "sha256-8mFHUc+nJoB41EGe3TcVuSwV1HaVXYVVs+rjaszOXsM=",
        "owner": "pinpox",
        "repo": "nixpkgs",
        "rev": "dd148685d0b67cb202891add5b700f3895409d57",
        "type": "github"
      },
      "original": {
        "owner": "pinpox",
        "ref": "init-ente-server",
        "repo": "nixpkgs",
        "type": "github"
      }
    },
    "root": {
      "inputs": {
        "nixpkgs": "nixpkgs"
      }
    }
  },
  "root": "root",
  "version": 7
}
